
Microsoft Visual Studio Solution File, Format Version 12.00
# Visual Studio 15
VisualStudioVersion = 15.0.28307.329
MinimumVisualStudioVersion = 10.0.40219.1
Project("{FAE04EC0-301F-11D3-BF4B-00C04F79EFBC}") = "Core2Mvc_Identity", "Core2Mvc_Identity\Core2Mvc_Identity.csproj", "{1C699A2A-8CDA-499B-B7F9-069195FDC969}"
EndProject
Global
	GlobalSection(SolutionConfigurationPlatforms) = preSolution
		Debug|Any CPU = Debug|Any CPU
		Release|Any CPU = Release|Any CPU
	EndGlobalSection
	GlobalSection(ProjectConfigurationPlatforms) = postSolution
		{1C699A2A-8CDA-499B-B7F9-069195FDC969}.Debug|Any CPU.ActiveCfg = Debug|Any CPU
		{1C699A2A-8CDA-499B-B7F9-069195FDC969}.Debug|Any CPU.Build.0 = Debug|Any CPU
		{1C699A2A-8CDA-499B-B7F9-069195FDC969}.Release|Any CPU.ActiveCfg = Release|Any CPU
		{1C699A2A-8CDA-499B-B7F9-069195FDC969}.Release|Any CPU.Build.0 = Release|Any CPU
	EndGlobalSection
	GlobalSection(SolutionProperties) = preSolution
		HideSolutionNode = FALSE
	EndGlobalSection
	GlobalSection(ExtensibilityGlobals) = postSolution
		SolutionGuid = {EE09A28E-0B4C-4EFD-92C3-487BFFF1B432}
	EndGlobalSection
EndGlobal
